
Microsoft Visual Studio Solution File, Format Version 12.00
# Visual Studio Version 17
VisualStudioVersion = 17.5.33530.505
MinimumVisualStudioVersion = 10.0.40219.1
Project("{FAE04EC0-301F-11D3-BF4B-00C04F79EFBC}") = "Lab7", "Lab7\Lab7.csproj", "{49D73C43-312B-401E-ABC4-9473AEE94909}"
EndProject
Global
	GlobalSection(SolutionConfigurationPlatforms) = preSolution
		Debug|Any CPU = Debug|Any CPU
		Release|Any CPU = Release|Any CPU
	EndGlobalSection
	GlobalSection(ProjectConfigurationPlatforms) = postSolution
		{49D73C43-312B-401E-ABC4-9473AEE94909}.Debug|Any CPU.ActiveCfg = Debug|Any CPU
		{49D73C43-312B-401E-ABC4-9473AEE94909}.Debug|Any CPU.Build.0 = Debug|Any CPU
		{49D73C43-312B-401E-ABC4-9473AEE94909}.Release|Any CPU.ActiveCfg = Release|Any CPU
		{49D73C43-312B-401E-ABC4-9473AEE94909}.Release|Any CPU.Build.0 = Release|Any CPU
	EndGlobalSection
	GlobalSection(SolutionProperties) = preSolution
		HideSolutionNode = FALSE
	EndGlobalSection
	GlobalSection(ExtensibilityGlobals) = postSolution
		SolutionGuid = {50C2C0EE-C2CD-4584-B760-4209E770058F}
	EndGlobalSection
EndGlobal
